
Microsoft Visual Studio Solution File, Format Version 12.00
# Visual Studio Version 17
VisualStudioVersion = 17.7.34024.191
MinimumVisualStudioVersion = 10.0.40219.1
Project("{FAE04EC0-301F-11D3-BF4B-00C04F79EFBC}") = "Fractality", "Fractality.csproj", "{55C4563B-7D3F-4077-A1B1-A1D87BE09245}"
EndProject
Global
	GlobalSection(SolutionConfigurationPlatforms) = preSolution
		Debug|Any CPU = Debug|Any CPU
		Release|Any CPU = Release|Any CPU
	EndGlobalSection
	GlobalSection(ProjectConfigurationPlatforms) = postSolution
		{55C4563B-7D3F-4077-A1B1-A1D87BE09245}.Debug|Any CPU.ActiveCfg = Debug|Any CPU
		{55C4563B-7D3F-4077-A1B1-A1D87BE09245}.Debug|Any CPU.Build.0 = Debug|Any CPU
		{55C4563B-7D3F-4077-A1B1-A1D87BE09245}.Release|Any CPU.ActiveCfg = Release|Any CPU
		{55C4563B-7D3F-4077-A1B1-A1D87BE09245}.Release|Any CPU.Build.0 = Release|Any CPU
	EndGlobalSection
	GlobalSection(SolutionProperties) = preSolution
		HideSolutionNode = FALSE
	EndGlobalSection
	GlobalSection(ExtensibilityGlobals) = postSolution
		SolutionGuid = {90454F7D-C38E-4E84-BA6C-E85659E5528E}
	EndGlobalSection
EndGlobal
